// !$*UTF8*$!
{
	archiveVersion = 1;
	classes = {
	};
	objectVersion = 56;
	objects = {

/* Begin PBXBuildFile section */
		F391E7CC2EA8813500B38BB1 /* ScreenTimeShareXCodeApp.swift in Sources */ = {isa = PBXBuildFile; fileRef = F391E7CB2EA8813500B38BB1 /* ScreenTimeShareXCodeApp.swift */; };
		F391E7CE2EA8813500B38BB1 /* ContentView.swift in Sources */ = {isa = PBXBuildFile; fileRef = F391E7CD2EA8813500B38BB1 /* ContentView.swift */; };
		F391E7D02EA8813500B38BB1 /* Assets.xcassets in Resources */ = {isa = PBXBuildFile; fileRef = F391E7CF2EA8813500B38BB1 /* Assets.xcassets */; };
		F391E7D32EA8813500B38BB1 /* Preview Assets.xcassets in Resources */ = {isa = PBXBuildFile; fileRef = F391E7D22EA8813500B38BB1 /* Preview Assets.xcassets */; };
		F391E82B2EA8848E00B38BB1 /* AuthViewModel.swift in Sources */ = {isa = PBXBuildFile; fileRef = F391E8192EA8848E00B38BB1 /* AuthViewModel.swift */; };
		F391E82C2EA8848E00B38BB1 /* ScreenTimeViewModel.swift in Sources */ = {isa = PBXBuildFile; fileRef = F391E81A2EA8848E00B38BB1 /* ScreenTimeViewModel.swift */; };
		F391E82D2EA8848E00B38BB1 /* DashboardView.swift in Sources */ = {isa = PBXBuildFile; fileRef = F391E81C2EA8848E00B38BB1 /* DashboardView.swift */; };
		F391E82E2EA8848E00B38BB1 /* GroupDetailView.swift in Sources */ = {isa = PBXBuildFile; fileRef = F391E81D2EA8848E00B38BB1 /* GroupDetailView.swift */; };
		F391E82F2EA8848E00B38BB1 /* GroupsView.swift in Sources */ = {isa = PBXBuildFile; fileRef = F391E81E2EA8848E00B38BB1 /* GroupsView.swift */; };
		F391E8302EA8848E00B38BB1 /* HomeView.swift in Sources */ = {isa = PBXBuildFile; fileRef = F391E81F2EA8848E00B38BB1 /* HomeView.swift */; };
		F391E8312EA8848E00B38BB1 /* LeaderboardView.swift in Sources */ = {isa = PBXBuildFile; fileRef = F391E8202EA8848E00B38BB1 /* LeaderboardView.swift */; };
		F391E8322EA8848E00B38BB1 /* LoginView.swift in Sources */ = {isa = PBXBuildFile; fileRef = F391E8212EA8848E00B38BB1 /* LoginView.swift */; };
		F391E8332EA8848E00B38BB1 /* ProfileView.swift in Sources */ = {isa = PBXBuildFile; fileRef = F391E8222EA8848E00B38BB1 /* ProfileView.swift */; };
		F391E8342EA8848E00B38BB1 /* Group.swift in Sources */ = {isa = PBXBuildFile; fileRef = F391E8242EA8848E00B38BB1 /* Group.swift */; };
		F391E8352EA8848E00B38BB1 /* ScreenTimeData.swift in Sources */ = {isa = PBXBuildFile; fileRef = F391E8252EA8848E00B38BB1 /* ScreenTimeData.swift */; };
		F391E8362EA8848E00B38BB1 /* User.swift in Sources */ = {isa = PBXBuildFile; fileRef = F391E8262EA8848E00B38BB1 /* User.swift */; };
		F391E8372EA8848E00B38BB1 /* FirebaseService.swift in Sources */ = {isa = PBXBuildFile; fileRef = F391E8282EA8848E00B38BB1 /* FirebaseService.swift */; };
		F391E8382EA8848E00B38BB1 /* ScreenTimeService.swift in Sources */ = {isa = PBXBuildFile; fileRef = F391E8292EA8848E00B38BB1 /* ScreenTimeService.swift */; };
		F391E83F2EA8892400B38BB1 /* GoogleService-Info.plist in Resources */ = {isa = PBXBuildFile; fileRef = F391E83E2EA8892400B38BB1 /* GoogleService-Info.plist */; };
/* End PBXBuildFile section */

/* Begin PBXFileReference section */
		F391E7C82EA8813500B38BB1 /* ScreenTimeShareXCode.app */ = {isa = PBXFileReference; explicitFileType = wrapper.application; includeInIndex = 0; path = ScreenTimeShareXCode.app; sourceTree = BUILT_PRODUCTS_DIR; };
		F391E7CB2EA8813500B38BB1 /* ScreenTimeShareXCodeApp.swift */ = {isa = PBXFileReference; lastKnownFileType = sourcecode.swift; path = ScreenTimeShareXCodeApp.swift; sourceTree = "<group>"; };
		F391E7CD2EA8813500B38BB1 /* ContentView.swift */ = {isa = PBXFileReference; lastKnownFileType = sourcecode.swift; path = ContentView.swift; sourceTree = "<group>"; };
		F391E7CF2EA8813500B38BB1 /* Assets.xcassets */ = {isa = PBXFileReference; lastKnownFileType = folder.assetcatalog; path = Assets.xcassets; sourceTree = "<group>"; };
		F391E7D22EA8813500B38BB1 /* Preview Assets.xcassets */ = {isa = PBXFileReference; lastKnownFileType = folder.assetcatalog; path = "Preview Assets.xcassets"; sourceTree = "<group>"; };
		F391E8192EA8848E00B38BB1 /* AuthViewModel.swift */ = {isa = PBXFileReference; fileEncoding = 4; lastKnownFileType = sourcecode.swift; path = AuthViewModel.swift; sourceTree = "<group>"; };
		F391E81A2EA8848E00B38BB1 /* ScreenTimeViewModel.swift */ = {isa = PBXFileReference; fileEncoding = 4; lastKnownFileType = sourcecode.swift; path = ScreenTimeViewModel.swift; sourceTree = "<group>"; };
		F391E81C2EA8848E00B38BB1 /* DashboardView.swift */ = {isa = PBXFileReference; fileEncoding = 4; lastKnownFileType = sourcecode.swift; path = DashboardView.swift; sourceTree = "<group>"; };
		F391E81D2EA8848E00B38BB1 /* GroupDetailView.swift */ = {isa = PBXFileReference; fileEncoding = 4; lastKnownFileType = sourcecode.swift; path = GroupDetailView.swift; sourceTree = "<group>"; };
		F391E81E2EA8848E00B38BB1 /* GroupsView.swift */ = {isa = PBXFileReference; fileEncoding = 4; lastKnownFileType = sourcecode.swift; path = GroupsView.swift; sourceTree = "<group>"; };
		F391E81F2EA8848E00B38BB1 /* HomeView.swift */ = {isa = PBXFileReference; fileEncoding = 4; lastKnownFileType = sourcecode.swift; path = HomeView.swift; sourceTree = "<group>"; };
		F391E8202EA8848E00B38BB1 /* LeaderboardView.swift */ = {isa = PBXFileReference; fileEncoding = 4; lastKnownFileType = sourcecode.swift; path = LeaderboardView.swift; sourceTree = "<group>"; };
		F391E8212EA8848E00B38BB1 /* LoginView.swift */ = {isa = PBXFileReference; fileEncoding = 4; lastKnownFileType = sourcecode.swift; path = LoginView.swift; sourceTree = "<group>"; };
		F391E8222EA8848E00B38BB1 /* ProfileView.swift */ = {isa = PBXFileReference; fileEncoding = 4; lastKnownFileType = sourcecode.swift; path = ProfileView.swift; sourceTree = "<group>"; };
		F391E8242EA8848E00B38BB1 /* Group.swift */ = {isa = PBXFileReference; fileEncoding = 4; lastKnownFileType = sourcecode.swift; path = Group.swift; sourceTree = "<group>"; };
		F391E8252EA8848E00B38BB1 /* ScreenTimeData.swift */ = {isa = PBXFileReference; fileEncoding = 4; lastKnownFileType = sourcecode.swift; path = ScreenTimeData.swift; sourceTree = "<group>"; };
		F391E8262EA8848E00B38BB1 /* User.swift */ = {isa = PBXFileReference; fileEncoding = 4; lastKnownFileType = sourcecode.swift; path = User.swift; sourceTree = "<group>"; };
		F391E8282EA8848E00B38BB1 /* FirebaseService.swift */ = {isa = PBXFileReference; fileEncoding = 4; lastKnownFileType = sourcecode.swift; path = FirebaseService.swift; sourceTree = "<group>"; };
		F391E8292EA8848E00B38BB1 /* ScreenTimeService.swift */ = {isa = PBXFileReference; fileEncoding = 4; lastKnownFileType = sourcecode.swift; path = ScreenTimeService.swift; sourceTree = "<group>"; };
		F391E83E2EA8892400B38BB1 /* GoogleService-Info.plist */ = {isa = PBXFileReference; fileEncoding = 4; lastKnownFileType = text.plist.xml; path = "GoogleService-Info.plist"; sourceTree = "<group>"; };
/* End PBXFileReference section */

/* Begin PBXFrameworksBuildPhase section */
		F391E7C52EA8813500B38BB1 /* Frameworks */ = {
			isa = PBXFrameworksBuildPhase;
			buildActionMask = 2147483647;
			files = (
			);
			runOnlyForDeploymentPostprocessing = 0;
		};
/* End PBXFrameworksBuildPhase section */

/* Begin PBXGroup section */
		F391E7BF2EA8813500B38BB1 = {
			isa = PBXGroup;
			children = (
				F391E7CA2EA8813500B38BB1 /* ScreenTimeShareXCode */,
				F391E7C92EA8813500B38BB1 /* Products */,
			);
			sourceTree = "<group>";
		};
		F391E7C92EA8813500B38BB1 /* Products */ = {
			isa = PBXGroup;
			children = (
				F391E7C82EA8813500B38BB1 /* ScreenTimeShareXCode.app */,
			);
			name = Products;
			sourceTree = "<group>";
		};
		F391E7CA2EA8813500B38BB1 /* ScreenTimeShareXCode */ = {
			isa = PBXGroup;
			children = (
				F391E8272EA8848E00B38BB1 /* Models */,
				F391E82A2EA8848E00B38BB1 /* Services */,
				F391E81B2EA8848E00B38BB1 /* ViewModels */,
				F391E8232EA8848E00B38BB1 /* Views */,
				F391E7CB2EA8813500B38BB1 /* ScreenTimeShareXCodeApp.swift */,
				F391E83E2EA8892400B38BB1 /* GoogleService-Info.plist */,
				F391E7CD2EA8813500B38BB1 /* ContentView.swift */,
				F391E7CF2EA8813500B38BB1 /* Assets.xcassets */,
				F391E7D12EA8813500B38BB1 /* Preview Content */,
			);
			path = ScreenTimeShareXCode;
			sourceTree = "<group>";
		};
		F391E7D12EA8813500B38BB1 /* Preview Content */ = {
			isa = PBXGroup;
			children = (
				F391E7D22EA8813500B38BB1 /* Preview Assets.xcassets */,
			);
			path = "Preview Content";
			sourceTree = "<group>";
		};
		F391E81B2EA8848E00B38BB1 /* ViewModels */ = {
			isa = PBXGroup;
			children = (
				F391E8192EA8848E00B38BB1 /* AuthViewModel.swift */,
				F391E81A2EA8848E00B38BB1 /* ScreenTimeViewModel.swift */,
			);
			path = ViewModels;
			sourceTree = "<group>";
		};
		F391E8232EA8848E00B38BB1 /* Views */ = {
			isa = PBXGroup;
			children = (
				F391E81C2EA8848E00B38BB1 /* DashboardView.swift */,
				F391E81D2EA8848E00B38BB1 /* GroupDetailView.swift */,
				F391E81E2EA8848E00B38BB1 /* GroupsView.swift */,
				F391E81F2EA8848E00B38BB1 /* HomeView.swift */,
				F391E8202EA8848E00B38BB1 /* LeaderboardView.swift */,
				F391E8212EA8848E00B38BB1 /* LoginView.swift */,
				F391E8222EA8848E00B38BB1 /* ProfileView.swift */,
			);
			path = Views;
			sourceTree = "<group>";
		};
		F391E8272EA8848E00B38BB1 /* Models */ = {
			isa = PBXGroup;
			children = (
				F391E8242EA8848E00B38BB1 /* Group.swift */,
				F391E8252EA8848E00B38BB1 /* ScreenTimeData.swift */,
				F391E8262EA8848E00B38BB1 /* User.swift */,
			);
			path = Models;
			sourceTree = "<group>";
		};
		F391E82A2EA8848E00B38BB1 /* Services */ = {
			isa = PBXGroup;
			children = (
				F391E8282EA8848E00B38BB1 /* FirebaseService.swift */,
				F391E8292EA8848E00B38BB1 /* ScreenTimeService.swift */,
			);
			path = Services;
			sourceTree = "<group>";
		};
/* End PBXGroup section */

/* Begin PBXNativeTarget section */
		F391E7C72EA8813500B38BB1 /* ScreenTimeShareXCode */ = {
			isa = PBXNativeTarget;
			buildConfigurationList = F391E7D62EA8813500B38BB1 /* Build configuration list for PBXNativeTarget "ScreenTimeShareXCode" */;
			buildPhases = (
				F391E7C42EA8813500B38BB1 /* Sources */,
				F391E7C52EA8813500B38BB1 /* Frameworks */,
				F391E7C62EA8813500B38BB1 /* Resources */,
			);
			buildRules = (
			);
			dependencies = (
			);
			name = ScreenTimeShareXCode;
			productName = ScreenTimeShareXCode;
			productReference = F391E7C82EA8813500B38BB1 /* ScreenTimeShareXCode.app */;
			productType = "com.apple.product-type.application";
		};
/* End PBXNativeTarget section */

/* Begin PBXProject section */
		F391E7C02EA8813500B38BB1 /* Project object */ = {
			isa = PBXProject;
			attributes = {
				BuildIndependentTargetsInParallel = 1;
				LastSwiftUpdateCheck = 1540;
				LastUpgradeCheck = 1540;
				TargetAttributes = {
					F391E7C72EA8813500B38BB1 = {
						CreatedOnToolsVersion = 15.4;
					};
				};
			};
			buildConfigurationList = F391E7C32EA8813500B38BB1 /* Build configuration list for PBXProject "ScreenTimeShareXCode" */;
			compatibilityVersion = "Xcode 14.0";
			developmentRegion = en;
			hasScannedForEncodings = 0;
			knownRegions = (
				en,
				Base,
			);
			mainGroup = F391E7BF2EA8813500B38BB1;
			packageReferences = (
				F391E83D2EA8882B00B38BB1 /* XCRemoteSwiftPackageReference "firebase-ios-sdk" */,
			);
			productRefGroup = F391E7C92EA8813500B38BB1 /* Products */;
			projectDirPath = "";
			projectRoot = "";
			targets = (
				F391E7C72EA8813500B38BB1 /* ScreenTimeShareXCode */,
			);
		};
/* End PBXProject section */

/* Begin PBXResourcesBuildPhase section */
		F391E7C62EA8813500B38BB1 /* Resources */ = {
			isa = PBXResourcesBuildPhase;
			buildActionMask = 2147483647;
			files = (
				F391E7D32EA8813500B38BB1 /* Preview Assets.xcassets in Resources */,
				F391E83F2EA8892400B38BB1 /* GoogleService-Info.plist in Resources */,
				F391E7D02EA8813500B38BB1 /* Assets.xcassets in Resources */,
			);
			runOnlyForDeploymentPostprocessing = 0;
		};
/* End PBXResourcesBuildPhase section */

/* Begin PBXSourcesBuildPhase section */
		F391E7C42EA8813500B38BB1 /* Sources */ = {
			isa = PBXSourcesBuildPhase;
			buildActionMask = 2147483647;
			files = (
				F391E7CE2EA8813500B38BB1 /* ContentView.swift in Sources */,
				F391E8372EA8848E00B38BB1 /* FirebaseService.swift in Sources */,
				F391E8382EA8848E00B38BB1 /* ScreenTimeService.swift in Sources */,
				F391E7CC2EA8813500B38BB1 /* ScreenTimeShareXCodeApp.swift in Sources */,
				F391E82D2EA8848E00B38BB1 /* DashboardView.swift in Sources */,
				F391E8342EA8848E00B38BB1 /* Group.swift in Sources */,
				F391E82B2EA8848E00B38BB1 /* AuthViewModel.swift in Sources */,
				F391E8312EA8848E00B38BB1 /* LeaderboardView.swift in Sources */,
				F391E8362EA8848E00B38BB1 /* User.swift in Sources */,
				F391E82C2EA8848E00B38BB1 /* ScreenTimeViewModel.swift in Sources */,
				F391E8352EA8848E00B38BB1 /* ScreenTimeData.swift in Sources */,
				F391E8302EA8848E00B38BB1 /* HomeView.swift in Sources */,
				F391E82F2EA8848E00B38BB1 /* GroupsView.swift in Sources */,
				F391E8322EA8848E00B38BB1 /* LoginView.swift in Sources */,
				F391E8332EA8848E00B38BB1 /* ProfileView.swift in Sources */,
				F391E82E2EA8848E00B38BB1 /* GroupDetailView.swift in Sources */,
			);
			runOnlyForDeploymentPostprocessing = 0;
		};
/* End PBXSourcesBuildPhase section */

/* Begin XCBuildConfiguration section */
		F391E7D42EA8813500B38BB1 /* Debug */ = {
			isa = XCBuildConfiguration;
			buildSettings = {
				ALWAYS_SEARCH_USER_PATHS = NO;
				ASSETCATALOG_COMPILER_GENERATE_SWIFT_ASSET_SYMBOL_EXTENSIONS = YES;
				CLANG_ANALYZER_NONNULL = YES;
				CLANG_ANALYZER_NUMBER_OBJECT_CONVERSION = YES_AGGRESSIVE;
				CLANG_CXX_LANGUAGE_STANDARD = "gnu++20";
				CLANG_ENABLE_MODULES = YES;
				CLANG_ENABLE_OBJC_ARC = YES;
				CLANG_ENABLE_OBJC_WEAK = YES;
				CLANG_WARN_BLOCK_CAPTURE_AUTORELEASING = YES;
				CLANG_WARN_BOOL_CONVERSION = YES;
				CLANG_WARN_COMMA = YES;
				CLANG_WARN_CONSTANT_CONVERSION = YES;
				CLANG_WARN_DEPRECATED_OBJC_IMPLEMENTATIONS = YES;
				CLANG_WARN_DIRECT_OBJC_ISA_USAGE = YES_ERROR;
				CLANG_WARN_DOCUMENTATION_COMMENTS = YES;
				CLANG_WARN_EMPTY_BODY = YES;
				CLANG_WARN_ENUM_CONVERSION = YES;
				CLANG_WARN_INFINITE_RECURSION = YES;
				CLANG_WARN_INT_CONVERSION = YES;
				CLANG_WARN_NON_LITERAL_NULL_CONVERSION = YES;
				CLANG_WARN_OBJC_IMPLICIT_RETAIN_SELF = YES;
				CLANG_WARN_OBJC_LITERAL_CONVERSION = YES;
				CLANG_WARN_OBJC_ROOT_CLASS = YES_ERROR;
				CLANG_WARN_QUOTED_INCLUDE_IN_FRAMEWORK_HEADER = YES;
				CLANG_WARN_RANGE_LOOP_ANALYSIS = YES;
				CLANG_WARN_STRICT_PROTOTYPES = YES;
				CLANG_WARN_SUSPICIOUS_MOVE = YES;
				CLANG_WARN_UNGUARDED_AVAILABILITY = YES_AGGRESSIVE;
				CLANG_WARN_UNREACHABLE_CODE = YES;
				CLANG_WARN__DUPLICATE_METHOD_MATCH = YES;
				COPY_PHASE_STRIP = NO;
				DEBUG_INFORMATION_FORMAT = dwarf;
				ENABLE_STRICT_OBJC_MSGSEND = YES;
				ENABLE_TESTABILITY = YES;
				ENABLE_USER_SCRIPT_SANDBOXING = YES;
				GCC_C_LANGUAGE_STANDARD = gnu17;
				GCC_DYNAMIC_NO_PIC = NO;
				GCC_NO_COMMON_BLOCKS = YES;
				GCC_OPTIMIZATION_LEVEL = 0;
				GCC_PREPROCESSOR_DEFINITIONS = (
					"DEBUG=1",
					"$(inherited)",
				);
				GCC_WARN_64_TO_32_BIT_CONVERSION = YES;
				GCC_WARN_ABOUT_RETURN_TYPE = YES_ERROR;
				GCC_WARN_UNDECLARED_SELECTOR = YES;
				GCC_WARN_UNINITIALIZED_AUTOS = YES_AGGRESSIVE;
				GCC_WARN_UNUSED_FUNCTION = YES;
				GCC_WARN_UNUSED_VARIABLE = YES;
				IPHONEOS_DEPLOYMENT_TARGET = 17.5;
				LOCALIZATION_PREFERS_STRING_CATALOGS = YES;
				MTL_ENABLE_DEBUG_INFO = INCLUDE_SOURCE;
				MTL_FAST_MATH = YES;
				ONLY_ACTIVE_ARCH = YES;
				SDKROOT = iphoneos;
				SWIFT_ACTIVE_COMPILATION_CONDITIONS = "DEBUG $(inherited)";
				SWIFT_OPTIMIZATION_LEVEL = "-Onone";
			};
			name = Debug;
		};
		F391E7D52EA8813500B38BB1 /* Release */ = {
			isa = XCBuildConfiguration;
			buildSettings = {
				ALWAYS_SEARCH_USER_PATHS = NO;
				ASSETCATALOG_COMPILER_GENERATE_SWIFT_ASSET_SYMBOL_EXTENSIONS = YES;
				CLANG_ANALYZER_NONNULL = YES;
				CLANG_ANALYZER_NUMBER_OBJECT_CONVERSION = YES_AGGRESSIVE;
				CLANG_CXX_LANGUAGE_STANDARD = "gnu++20";
				CLANG_ENABLE_MODULES = YES;
				CLANG_ENABLE_OBJC_ARC = YES;
				CLANG_ENABLE_OBJC_WEAK = YES;
				CLANG_WARN_BLOCK_CAPTURE_AUTORELEASING = YES;
				CLANG_WARN_BOOL_CONVERSION = YES;
				CLANG_WARN_COMMA = YES;
				CLANG_WARN_CONSTANT_CONVERSION = YES;
				CLANG_WARN_DEPRECATED_OBJC_IMPLEMENTATIONS = YES;
				CLANG_WARN_DIRECT_OBJC_ISA_USAGE = YES_ERROR;
				CLANG_WARN_DOCUMENTATION_COMMENTS = YES;
				CLANG_WARN_EMPTY_BODY = YES;
				CLANG_WARN_ENUM_CONVERSION = YES;
				CLANG_WARN_INFINITE_RECURSION = YES;
				CLANG_WARN_INT_CONVERSION = YES;
				CLANG_WARN_NON_LITERAL_NULL_CONVERSION = YES;
				CLANG_WARN_OBJC_IMPLICIT_RETAIN_SELF = YES;
				CLANG_WARN_OBJC_LITERAL_CONVERSION = YES;
				CLANG_WARN_OBJC_ROOT_CLASS = YES_ERROR;
				CLANG_WARN_QUOTED_INCLUDE_IN_FRAMEWORK_HEADER = YES;
				CLANG_WARN_RANGE_LOOP_ANALYSIS = YES;
				CLANG_WARN_STRICT_PROTOTYPES = YES;
				CLANG_WARN_SUSPICIOUS_MOVE = YES;
				CLANG_WARN_UNGUARDED_AVAILABILITY = YES_AGGRESSIVE;
				CLANG_WARN_UNREACHABLE_CODE = YES;
				CLANG_WARN__DUPLICATE_METHOD_MATCH = YES;
				COPY_PHASE_STRIP = NO;
				DEBUG_INFORMATION_FORMAT = "dwarf-with-dsym";
				ENABLE_NS_ASSERTIONS = NO;
				ENABLE_STRICT_OBJC_MSGSEND = YES;
				ENABLE_USER_SCRIPT_SANDBOXING = YES;
				GCC_C_LANGUAGE_STANDARD = gnu17;
				GCC_NO_COMMON_BLOCKS = YES;
				GCC_WARN_64_TO_32_BIT_CONVERSION = YES;
				GCC_WARN_ABOUT_RETURN_TYPE = YES_ERROR;
				GCC_WARN_UNDECLARED_SELECTOR = YES;
				GCC_WARN_UNINITIALIZED_AUTOS = YES_AGGRESSIVE;
				GCC_WARN_UNUSED_FUNCTION = YES;
				GCC_WARN_UNUSED_VARIABLE = YES;
				IPHONEOS_DEPLOYMENT_TARGET = 17.5;
				LOCALIZATION_PREFERS_STRING_CATALOGS = YES;
				MTL_ENABLE_DEBUG_INFO = NO;
				MTL_FAST_MATH = YES;
				SDKROOT = iphoneos;
				SWIFT_COMPILATION_MODE = wholemodule;
				VALIDATE_PRODUCT = YES;
			};
			name = Release;
		};
		F391E7D72EA8813500B38BB1 /* Debug */ = {
			isa = XCBuildConfiguration;
			buildSettings = {
				ASSETCATALOG_COMPILER_APPICON_NAME = AppIcon;
				ASSETCATALOG_COMPILER_GLOBAL_ACCENT_COLOR_NAME = AccentColor;
				CODE_SIGN_STYLE = Automatic;
				CURRENT_PROJECT_VERSION = 1;
				DEVELOPMENT_ASSET_PATHS = "\"ScreenTimeShareXCode/Preview Content\"";
				DEVELOPMENT_TEAM = A649V5FJ5M;
				ENABLE_PREVIEWS = YES;
				GENERATE_INFOPLIST_FILE = YES;
				INFOPLIST_FILE = ScreenTimeShareXCode/Info.plist;
				INFOPLIST_KEY_UIApplicationSceneManifest_Generation = YES;
				INFOPLIST_KEY_UIApplicationSupportsIndirectInputEvents = YES;
				INFOPLIST_KEY_UILaunchScreen_Generation = YES;
				INFOPLIST_KEY_UISupportedInterfaceOrientations_iPad = "UIInterfaceOrientationPortrait UIInterfaceOrientationPortraitUpsideDown UIInterfaceOrientationLandscapeLeft UIInterfaceOrientationLandscapeRight";
				INFOPLIST_KEY_UISupportedInterfaceOrientations_iPhone = "UIInterfaceOrientationPortrait UIInterfaceOrientationLandscapeLeft UIInterfaceOrientationLandscapeRight";
				LD_RUNPATH_SEARCH_PATHS = (
					"$(inherited)",
					"@executable_path/Frameworks",
				);
				MARKETING_VERSION = 1.0;
				PRODUCT_BUNDLE_IDENTIFIER = BlakesApps.ScreenTimeShareXCode;
				PRODUCT_NAME = "$(TARGET_NAME)";
				SWIFT_EMIT_LOC_STRINGS = YES;
				SWIFT_VERSION = 5.0;
				TARGETED_DEVICE_FAMILY = "1,2";
			};
			name = Debug;
		};
		F391E7D82EA8813500B38BB1 /* Release */ = {
			isa = XCBuildConfiguration;
			buildSettings = {
				ASSETCATALOG_COMPILER_APPICON_NAME = AppIcon;
				ASSETCATALOG_COMPILER_GLOBAL_ACCENT_COLOR_NAME = AccentColor;
				CODE_SIGN_STYLE = Automatic;
				CURRENT_PROJECT_VERSION = 1;
				DEVELOPMENT_ASSET_PATHS = "\"ScreenTimeShareXCode/Preview Content\"";
				DEVELOPMENT_TEAM = A649V5FJ5M;
				ENABLE_PREVIEWS = YES;
				GENERATE_INFOPLIST_FILE = YES;
				INFOPLIST_FILE = ScreenTimeShareXCode/Info.plist;
				INFOPLIST_KEY_UIApplicationSceneManifest_Generation = YES;
				INFOPLIST_KEY_UIApplicationSupportsIndirectInputEvents = YES;
				INFOPLIST_KEY_UILaunchScreen_Generation = YES;
				INFOPLIST_KEY_UISupportedInterfaceOrientations_iPad = "UIInterfaceOrientationPortrait UIInterfaceOrientationPortraitUpsideDown UIInterfaceOrientationLandscapeLeft UIInterfaceOrientationLandscapeRight";
				INFOPLIST_KEY_UISupportedInterfaceOrientations_iPhone = "UIInterfaceOrientationPortrait UIInterfaceOrientationLandscapeLeft UIInterfaceOrientationLandscapeRight";
				LD_RUNPATH_SEARCH_PATHS = (
					"$(inherited)",
					"@executable_path/Frameworks",
				);
				MARKETING_VERSION = 1.0;
				PRODUCT_BUNDLE_IDENTIFIER = BlakesApps.ScreenTimeShareXCode;
				PRODUCT_NAME = "$(TARGET_NAME)";
				SWIFT_EMIT_LOC_STRINGS = YES;
				SWIFT_VERSION = 5.0;
				TARGETED_DEVICE_FAMILY = "1,2";
			};
			name = Release;
		};
/* End XCBuildConfiguration section */

/* Begin XCConfigurationList section */
		F391E7C32EA8813500B38BB1 /* Build configuration list for PBXProject "ScreenTimeShareXCode" */ = {
			isa = XCConfigurationList;
			buildConfigurations = (
				F391E7D42EA8813500B38BB1 /* Debug */,
				F391E7D52EA8813500B38BB1 /* Release */,
			);
			defaultConfigurationIsVisible = 0;
			defaultConfigurationName = Release;
		};
		F391E7D62EA8813500B38BB1 /* Build configuration list for PBXNativeTarget "ScreenTimeShareXCode" */ = {
			isa = XCConfigurationList;
			buildConfigurations = (
				F391E7D72EA8813500B38BB1 /* Debug */,
				F391E7D82EA8813500B38BB1 /* Release */,
			);
			defaultConfigurationIsVisible = 0;
			defaultConfigurationName = Release;
		};
/* End XCConfigurationList section */

/* Begin XCRemoteSwiftPackageReference section */
		F391E83D2EA8882B00B38BB1 /* XCRemoteSwiftPackageReference "firebase-ios-sdk" */ = {
			isa = XCRemoteSwiftPackageReference;
			repositoryURL = "https://github.com/firebase/firebase-ios-sdk";
			requirement = {
				kind = upToNextMajorVersion;
				minimumVersion = 12.4.0;
			};
		};
/* End XCRemoteSwiftPackageReference section */
	};
	rootObject = F391E7C02EA8813500B38BB1 /* Project object */;
}
